
Microsoft Visual Studio Solution File, Format Version 12.00
# Visual Studio 15
Project("{FAE04EC0-301F-11D3-BF4B-00C04F79EFBC}") = "Assembly-CSharp", "Assembly-CSharp.csproj", "{2A2EACC6-D8F9-FA4D-306B-71BA15337FEB}"
EndProject
Global
	GlobalSection(SolutionConfigurationPlatforms) = preSolution
		Debug|Any CPU = Debug|Any CPU
		Release|Any CPU = Release|Any CPU
	EndGlobalSection
	GlobalSection(ProjectConfigurationPlatforms) = postSolution
		{2A2EACC6-D8F9-FA4D-306B-71BA15337FEB}.Debug|Any CPU.ActiveCfg = Debug|Any CPU
		{2A2EACC6-D8F9-FA4D-306B-71BA15337FEB}.Debug|Any CPU.Build.0 = Debug|Any CPU
		{2A2EACC6-D8F9-FA4D-306B-71BA15337FEB}.Release|Any CPU.ActiveCfg = Release|Any CPU
		{2A2EACC6-D8F9-FA4D-306B-71BA15337FEB}.Release|Any CPU.Build.0 = Release|Any CPU
	EndGlobalSection
	GlobalSection(SolutionProperties) = preSolution
		HideSolutionNode = FALSE
	EndGlobalSection
EndGlobal
